// !$*UTF8*$!
{
	archiveVersion = 1;
	classes = {
	};
	objectVersion = 51;
	objects = {

/* Begin PBXBuildFile section */
		10090DC4725EA0EF26904841 /* Pods_myBeer.framework in Frameworks */ = {isa = PBXBuildFile; fileRef = 0C161D454DEBADB3D0FB9F97 /* Pods_myBeer.framework */; };
		EE0BD5DF235B678C00A4A2BA /* AppDelegate.swift in Sources */ = {isa = PBXBuildFile; fileRef = EE0BD5DE235B678C00A4A2BA /* AppDelegate.swift */; };
		EE0BD5E1235B678C00A4A2BA /* SceneDelegate.swift in Sources */ = {isa = PBXBuildFile; fileRef = EE0BD5E0235B678C00A4A2BA /* SceneDelegate.swift */; };
		EE0BD5E3235B678C00A4A2BA /* ViewController.swift in Sources */ = {isa = PBXBuildFile; fileRef = EE0BD5E2235B678C00A4A2BA /* ViewController.swift */; };
		EE0BD5E6235B678C00A4A2BA /* Main.storyboard in Resources */ = {isa = PBXBuildFile; fileRef = EE0BD5E4235B678C00A4A2BA /* Main.storyboard */; };
		EE0BD5E8235B678E00A4A2BA /* Assets.xcassets in Resources */ = {isa = PBXBuildFile; fileRef = EE0BD5E7235B678E00A4A2BA /* Assets.xcassets */; };
		EE0BD5EB235B678E00A4A2BA /* LaunchScreen.storyboard in Resources */ = {isa = PBXBuildFile; fileRef = EE0BD5E9235B678E00A4A2BA /* LaunchScreen.storyboard */; };
		EEF37BF92365DC560069E303 /* ImageManager.swift in Sources */ = {isa = PBXBuildFile; fileRef = EEF37BF82365DC560069E303 /* ImageManager.swift */; };
		EEFD0B87235CA005003884B8 /* Beer.swift in Sources */ = {isa = PBXBuildFile; fileRef = EEFD0B86235CA005003884B8 /* Beer.swift */; };
		EEFD0B8F235CAA57003884B8 /* BeerListTVC.swift in Sources */ = {isa = PBXBuildFile; fileRef = EEFD0B8E235CAA57003884B8 /* BeerListTVC.swift */; };
		EEFD0B91235CACDA003884B8 /* NetworkManager.swift in Sources */ = {isa = PBXBuildFile; fileRef = EEFD0B90235CACDA003884B8 /* NetworkManager.swift */; };
/* End PBXBuildFile section */

/* Begin PBXFileReference section */
		0C161D454DEBADB3D0FB9F97 /* Pods_myBeer.framework */ = {isa = PBXFileReference; explicitFileType = wrapper.framework; includeInIndex = 0; path = Pods_myBeer.framework; sourceTree = BUILT_PRODUCTS_DIR; };
		38E57A9758D035B5EB1BD166 /* Pods-myBeer.release.xcconfig */ = {isa = PBXFileReference; includeInIndex = 1; lastKnownFileType = text.xcconfig; name = "Pods-myBeer.release.xcconfig"; path = "Target Support Files/Pods-myBeer/Pods-myBeer.release.xcconfig"; sourceTree = "<group>"; };
		756B043283BCA4050460E46A /* Pods-myBeer.debug.xcconfig */ = {isa = PBXFileReference; includeInIndex = 1; lastKnownFileType = text.xcconfig; name = "Pods-myBeer.debug.xcconfig"; path = "Target Support Files/Pods-myBeer/Pods-myBeer.debug.xcconfig"; sourceTree = "<group>"; };
		EE0BD5DB235B678C00A4A2BA /* myBeer.app */ = {isa = PBXFileReference; explicitFileType = wrapper.application; includeInIndex = 0; path = myBeer.app; sourceTree = BUILT_PRODUCTS_DIR; };
		EE0BD5DE235B678C00A4A2BA /* AppDelegate.swift */ = {isa = PBXFileReference; lastKnownFileType = sourcecode.swift; path = AppDelegate.swift; sourceTree = "<group>"; };
		EE0BD5E0235B678C00A4A2BA /* SceneDelegate.swift */ = {isa = PBXFileReference; lastKnownFileType = sourcecode.swift; path = SceneDelegate.swift; sourceTree = "<group>"; };
		EE0BD5E2235B678C00A4A2BA /* ViewController.swift */ = {isa = PBXFileReference; lastKnownFileType = sourcecode.swift; path = ViewController.swift; sourceTree = "<group>"; };
		EE0BD5E5235B678C00A4A2BA /* Base */ = {isa = PBXFileReference; lastKnownFileType = file.storyboard; name = Base; path = Base.lproj/Main.storyboard; sourceTree = "<group>"; };
		EE0BD5E7235B678E00A4A2BA /* Assets.xcassets */ = {isa = PBXFileReference; lastKnownFileType = folder.assetcatalog; path = Assets.xcassets; sourceTree = "<group>"; };
		EE0BD5EA235B678E00A4A2BA /* Base */ = {isa = PBXFileReference; lastKnownFileType = file.storyboard; name = Base; path = Base.lproj/LaunchScreen.storyboard; sourceTree = "<group>"; };
		EE0BD5EC235B678E00A4A2BA /* Info.plist */ = {isa = PBXFileReference; lastKnownFileType = text.plist.xml; path = Info.plist; sourceTree = "<group>"; };
		EEF37BF82365DC560069E303 /* ImageManager.swift */ = {isa = PBXFileReference; lastKnownFileType = sourcecode.swift; path = ImageManager.swift; sourceTree = "<group>"; };
		EEFD0B86235CA005003884B8 /* Beer.swift */ = {isa = PBXFileReference; lastKnownFileType = sourcecode.swift; path = Beer.swift; sourceTree = "<group>"; };
		EEFD0B8E235CAA57003884B8 /* BeerListTVC.swift */ = {isa = PBXFileReference; lastKnownFileType = sourcecode.swift; path = BeerListTVC.swift; sourceTree = "<group>"; };
		EEFD0B90235CACDA003884B8 /* NetworkManager.swift */ = {isa = PBXFileReference; lastKnownFileType = sourcecode.swift; path = NetworkManager.swift; sourceTree = "<group>"; };
/* End PBXFileReference section */

/* Begin PBXFrameworksBuildPhase section */
		EE0BD5D8235B678C00A4A2BA /* Frameworks */ = {
			isa = PBXFrameworksBuildPhase;
			buildActionMask = 2147483647;
			files = (
				10090DC4725EA0EF26904841 /* Pods_myBeer.framework in Frameworks */,
			);
			runOnlyForDeploymentPostprocessing = 0;
		};
/* End PBXFrameworksBuildPhase section */

/* Begin PBXGroup section */
		7B887D4F1419CE18BAD18914 /* Pods */ = {
			isa = PBXGroup;
			children = (
				756B043283BCA4050460E46A /* Pods-myBeer.debug.xcconfig */,
				38E57A9758D035B5EB1BD166 /* Pods-myBeer.release.xcconfig */,
			);
			path = Pods;
			sourceTree = "<group>";
		};
		AC8E79435BE13BFD3C9507A2 /* Frameworks */ = {
			isa = PBXGroup;
			children = (
				0C161D454DEBADB3D0FB9F97 /* Pods_myBeer.framework */,
			);
			name = Frameworks;
			sourceTree = "<group>";
		};
		EE0BD5D2235B678C00A4A2BA = {
			isa = PBXGroup;
			children = (
				EE0BD5DD235B678C00A4A2BA /* myBeer */,
				EE0BD5DC235B678C00A4A2BA /* Products */,
				7B887D4F1419CE18BAD18914 /* Pods */,
				AC8E79435BE13BFD3C9507A2 /* Frameworks */,
			);
			sourceTree = "<group>";
		};
		EE0BD5DC235B678C00A4A2BA /* Products */ = {
			isa = PBXGroup;
			children = (
				EE0BD5DB235B678C00A4A2BA /* myBeer.app */,
			);
			name = Products;
			sourceTree = "<group>";
		};
		EE0BD5DD235B678C00A4A2BA /* myBeer */ = {
			isa = PBXGroup;
			children = (
				EEFD0B83235C84B5003884B8 /* models */,
				EE0BD5DE235B678C00A4A2BA /* AppDelegate.swift */,
				EE0BD5E0235B678C00A4A2BA /* SceneDelegate.swift */,
				EE0BD5E4235B678C00A4A2BA /* Main.storyboard */,
				EE0BD5E7235B678E00A4A2BA /* Assets.xcassets */,
				EE0BD5E9235B678E00A4A2BA /* LaunchScreen.storyboard */,
				EE0BD5EC235B678E00A4A2BA /* Info.plist */,
				EEFD0B8E235CAA57003884B8 /* BeerListTVC.swift */,
				EE0BD5E2235B678C00A4A2BA /* ViewController.swift */,
				EEFD0B90235CACDA003884B8 /* NetworkManager.swift */,
				EEF37BF82365DC560069E303 /* ImageManager.swift */,
			);
			path = myBeer;
			sourceTree = "<group>";
		};
		EEFD0B83235C84B5003884B8 /* models */ = {
			isa = PBXGroup;
			children = (
				EEFD0B86235CA005003884B8 /* Beer.swift */,
			);
			path = models;
			sourceTree = "<group>";
		};
/* End PBXGroup section */

/* Begin PBXNativeTarget section */
		EE0BD5DA235B678C00A4A2BA /* myBeer */ = {
			isa = PBXNativeTarget;
			buildConfigurationList = EE0BD5EF235B678E00A4A2BA /* Build configuration list for PBXNativeTarget "myBeer" */;
			buildPhases = (
				75E965C6F8253CB67DD44677 /* [CP] Check Pods Manifest.lock */,
				EE0BD5D7235B678C00A4A2BA /* Sources */,
				EE0BD5D8235B678C00A4A2BA /* Frameworks */,
				EE0BD5D9235B678C00A4A2BA /* Resources */,
				B3B89723592EFDD281DD5B98 /* [CP] Embed Pods Frameworks */,
			);
			buildRules = (
			);
			dependencies = (
			);
			name = myBeer;
			productName = myBeer;
			productReference = EE0BD5DB235B678C00A4A2BA /* myBeer.app */;
			productType = "com.apple.product-type.application";
		};
/* End PBXNativeTarget section */

/* Begin PBXProject section */
		EE0BD5D3235B678C00A4A2BA /* Project object */ = {
			isa = PBXProject;
			attributes = {
				LastSwiftUpdateCheck = 1100;
				LastUpgradeCheck = 1100;
				ORGANIZATIONNAME = "Artem Grebenkin";
				TargetAttributes = {
					EE0BD5DA235B678C00A4A2BA = {
						CreatedOnToolsVersion = 11.0;
					};
				};
			};
			buildConfigurationList = EE0BD5D6235B678C00A4A2BA /* Build configuration list for PBXProject "myBeer" */;
			compatibilityVersion = "Xcode 9.3";
			developmentRegion = en;
			hasScannedForEncodings = 0;
			knownRegions = (
				en,
				Base,
			);
			mainGroup = EE0BD5D2235B678C00A4A2BA;
			productRefGroup = EE0BD5DC235B678C00A4A2BA /* Products */;
			projectDirPath = "";
			projectRoot = "";
			targets = (
				EE0BD5DA235B678C00A4A2BA /* myBeer */,
			);
		};
/* End PBXProject section */

/* Begin PBXResourcesBuildPhase section */
		EE0BD5D9235B678C00A4A2BA /* Resources */ = {
			isa = PBXResourcesBuildPhase;
			buildActionMask = 2147483647;
			files = (
				EE0BD5EB235B678E00A4A2BA /* LaunchScreen.storyboard in Resources */,
				EE0BD5E8235B678E00A4A2BA /* Assets.xcassets in Resources */,
				EE0BD5E6235B678C00A4A2BA /* Main.storyboard in Resources */,
			);
			runOnlyForDeploymentPostprocessing = 0;
		};
/* End PBXResourcesBuildPhase section */

/* Begin PBXShellScriptBuildPhase section */
		75E965C6F8253CB67DD44677 /* [CP] Check Pods Manifest.lock */ = {
			isa = PBXShellScriptBuildPhase;
			buildActionMask = 2147483647;
			files = (
			);
			inputFileListPaths = (
			);
			inputPaths = (
				"${PODS_PODFILE_DIR_PATH}/Podfile.lock",
				"${PODS_ROOT}/Manifest.lock",
			);
			name = "[CP] Check Pods Manifest.lock";
			outputFileListPaths = (
			);
			outputPaths = (
				"$(DERIVED_FILE_DIR)/Pods-myBeer-checkManifestLockResult.txt",
			);
			runOnlyForDeploymentPostprocessing = 0;
			shellPath = /bin/sh;
			shellScript = "diff \"${PODS_PODFILE_DIR_PATH}/Podfile.lock\" \"${PODS_ROOT}/Manifest.lock\" > /dev/null\nif [ $? != 0 ] ; then\n    # print error to STDERR\n    echo \"error: The sandbox is not in sync with the Podfile.lock. Run 'pod install' or update your CocoaPods installation.\" >&2\n    exit 1\nfi\n# This output is used by Xcode 'outputs' to avoid re-running this script phase.\necho \"SUCCESS\" > \"${SCRIPT_OUTPUT_FILE_0}\"\n";
			showEnvVarsInLog = 0;
		};
		B3B89723592EFDD281DD5B98 /* [CP] Embed Pods Frameworks */ = {
			isa = PBXShellScriptBuildPhase;
			buildActionMask = 2147483647;
			files = (
			);
			inputFileListPaths = (
				"${PODS_ROOT}/Target Support Files/Pods-myBeer/Pods-myBeer-frameworks-${CONFIGURATION}-input-files.xcfilelist",
			);
			name = "[CP] Embed Pods Frameworks";
			outputFileListPaths = (
				"${PODS_ROOT}/Target Support Files/Pods-myBeer/Pods-myBeer-frameworks-${CONFIGURATION}-output-files.xcfilelist",
			);
			runOnlyForDeploymentPostprocessing = 0;
			shellPath = /bin/sh;
			shellScript = "\"${PODS_ROOT}/Target Support Files/Pods-myBeer/Pods-myBeer-frameworks.sh\"\n";
			showEnvVarsInLog = 0;
		};
/* End PBXShellScriptBuildPhase section */

/* Begin PBXSourcesBuildPhase section */
		EE0BD5D7235B678C00A4A2BA /* Sources */ = {
			isa = PBXSourcesBuildPhase;
			buildActionMask = 2147483647;
			files = (
				EE0BD5E3235B678C00A4A2BA /* ViewController.swift in Sources */,
				EEFD0B8F235CAA57003884B8 /* BeerListTVC.swift in Sources */,
				EEF37BF92365DC560069E303 /* ImageManager.swift in Sources */,
				EE0BD5DF235B678C00A4A2BA /* AppDelegate.swift in Sources */,
				EEFD0B87235CA005003884B8 /* Beer.swift in Sources */,
				EE0BD5E1235B678C00A4A2BA /* SceneDelegate.swift in Sources */,
				EEFD0B91235CACDA003884B8 /* NetworkManager.swift in Sources */,
			);
			runOnlyForDeploymentPostprocessing = 0;
		};
/* End PBXSourcesBuildPhase section */

/* Begin PBXVariantGroup section */
		EE0BD5E4235B678C00A4A2BA /* Main.storyboard */ = {
			isa = PBXVariantGroup;
			children = (
				EE0BD5E5235B678C00A4A2BA /* Base */,
			);
			name = Main.storyboard;
			sourceTree = "<group>";
		};
		EE0BD5E9235B678E00A4A2BA /* LaunchScreen.storyboard */ = {
			isa = PBXVariantGroup;
			children = (
				EE0BD5EA235B678E00A4A2BA /* Base */,
			);
			name = LaunchScreen.storyboard;
			sourceTree = "<group>";
		};
/* End PBXVariantGroup section */

/* Begin XCBuildConfiguration section */
		EE0BD5ED235B678E00A4A2BA /* Debug */ = {
			isa = XCBuildConfiguration;
			buildSettings = {
				ALWAYS_SEARCH_USER_PATHS = NO;
				CLANG_ANALYZER_NONNULL = YES;
				CLANG_ANALYZER_NUMBER_OBJECT_CONVERSION = YES_AGGRESSIVE;
				CLANG_CXX_LANGUAGE_STANDARD = "gnu++14";
				CLANG_CXX_LIBRARY = "libc++";
				CLANG_ENABLE_MODULES = YES;
				CLANG_ENABLE_OBJC_ARC = YES;
				CLANG_ENABLE_OBJC_WEAK = YES;
				CLANG_WARN_BLOCK_CAPTURE_AUTORELEASING = YES;
				CLANG_WARN_BOOL_CONVERSION = YES;
				CLANG_WARN_COMMA = YES;
				CLANG_WARN_CONSTANT_CONVERSION = YES;
				CLANG_WARN_DEPRECATED_OBJC_IMPLEMENTATIONS = YES;
				CLANG_WARN_DIRECT_OBJC_ISA_USAGE = YES_ERROR;
				CLANG_WARN_DOCUMENTATION_COMMENTS = YES;
				CLANG_WARN_EMPTY_BODY = YES;
				CLANG_WARN_ENUM_CONVERSION = YES;
				CLANG_WARN_INFINITE_RECURSION = YES;
				CLANG_WARN_INT_CONVERSION = YES;
				CLANG_WARN_NON_LITERAL_NULL_CONVERSION = YES;
				CLANG_WARN_OBJC_IMPLICIT_RETAIN_SELF = YES;
				CLANG_WARN_OBJC_LITERAL_CONVERSION = YES;
				CLANG_WARN_OBJC_ROOT_CLASS = YES_ERROR;
				CLANG_WARN_RANGE_LOOP_ANALYSIS = YES;
				CLANG_WARN_STRICT_PROTOTYPES = YES;
				CLANG_WARN_SUSPICIOUS_MOVE = YES;
				CLANG_WARN_UNGUARDED_AVAILABILITY = YES_AGGRESSIVE;
				CLANG_WARN_UNREACHABLE_CODE = YES;
				CLANG_WARN__DUPLICATE_METHOD_MATCH = YES;
				COPY_PHASE_STRIP = NO;
				DEBUG_INFORMATION_FORMAT = dwarf;
				ENABLE_STRICT_OBJC_MSGSEND = YES;
				ENABLE_TESTABILITY = YES;
				GCC_C_LANGUAGE_STANDARD = gnu11;
				GCC_DYNAMIC_NO_PIC = NO;
				GCC_NO_COMMON_BLOCKS = YES;
				GCC_OPTIMIZATION_LEVEL = 0;
				GCC_PREPROCESSOR_DEFINITIONS = (
					"DEBUG=1",
					"$(inherited)",
				);
				GCC_WARN_64_TO_32_BIT_CONVERSION = YES;
				GCC_WARN_ABOUT_RETURN_TYPE = YES_ERROR;
				GCC_WARN_UNDECLARED_SELECTOR = YES;
				GCC_WARN_UNINITIALIZED_AUTOS = YES_AGGRESSIVE;
				GCC_WARN_UNUSED_FUNCTION = YES;
				GCC_WARN_UNUSED_VARIABLE = YES;
				IPHONEOS_DEPLOYMENT_TARGET = 13.0;
				MTL_ENABLE_DEBUG_INFO = INCLUDE_SOURCE;
				MTL_FAST_MATH = YES;
				ONLY_ACTIVE_ARCH = YES;
				SDKROOT = iphoneos;
				SWIFT_ACTIVE_COMPILATION_CONDITIONS = DEBUG;
				SWIFT_OPTIMIZATION_LEVEL = "-Onone";
			};
			name = Debug;
		};
		EE0BD5EE235B678E00A4A2BA /* Release */ = {
			isa = XCBuildConfiguration;
			buildSettings = {
				ALWAYS_SEARCH_USER_PATHS = NO;
				CLANG_ANALYZER_NONNULL = YES;
				CLANG_ANALYZER_NUMBER_OBJECT_CONVERSION = YES_AGGRESSIVE;
				CLANG_CXX_LANGUAGE_STANDARD = "gnu++14";
				CLANG_CXX_LIBRARY = "libc++";
				CLANG_ENABLE_MODULES = YES;
				CLANG_ENABLE_OBJC_ARC = YES;
				CLANG_ENABLE_OBJC_WEAK = YES;
				CLANG_WARN_BLOCK_CAPTURE_AUTORELEASING = YES;
				CLANG_WARN_BOOL_CONVERSION = YES;
				CLANG_WARN_COMMA = YES;
				CLANG_WARN_CONSTANT_CONVERSION = YES;
				CLANG_WARN_DEPRECATED_OBJC_IMPLEMENTATIONS = YES;
				CLANG_WARN_DIRECT_OBJC_ISA_USAGE = YES_ERROR;
				CLANG_WARN_DOCUMENTATION_COMMENTS = YES;
				CLANG_WARN_EMPTY_BODY = YES;
				CLANG_WARN_ENUM_CONVERSION = YES;
				CLANG_WARN_INFINITE_RECURSION = YES;
				CLANG_WARN_INT_CONVERSION = YES;
				CLANG_WARN_NON_LITERAL_NULL_CONVERSION = YES;
				CLANG_WARN_OBJC_IMPLICIT_RETAIN_SELF = YES;
				CLANG_WARN_OBJC_LITERAL_CONVERSION = YES;
				CLANG_WARN_OBJC_ROOT_CLASS = YES_ERROR;
				CLANG_WARN_RANGE_LOOP_ANALYSIS = YES;
				CLANG_WARN_STRICT_PROTOTYPES = YES;
				CLANG_WARN_SUSPICIOUS_MOVE = YES;
				CLANG_WARN_UNGUARDED_AVAILABILITY = YES_AGGRESSIVE;
				CLANG_WARN_UNREACHABLE_CODE = YES;
				CLANG_WARN__DUPLICATE_METHOD_MATCH = YES;
				COPY_PHASE_STRIP = NO;
				DEBUG_INFORMATION_FORMAT = "dwarf-with-dsym";
				ENABLE_NS_ASSERTIONS = NO;
				ENABLE_STRICT_OBJC_MSGSEND = YES;
				GCC_C_LANGUAGE_STANDARD = gnu11;
				GCC_NO_COMMON_BLOCKS = YES;
				GCC_WARN_64_TO_32_BIT_CONVERSION = YES;
				GCC_WARN_ABOUT_RETURN_TYPE = YES_ERROR;
				GCC_WARN_UNDECLARED_SELECTOR = YES;
				GCC_WARN_UNINITIALIZED_AUTOS = YES_AGGRESSIVE;
				GCC_WARN_UNUSED_FUNCTION = YES;
				GCC_WARN_UNUSED_VARIABLE = YES;
				IPHONEOS_DEPLOYMENT_TARGET = 13.0;
				MTL_ENABLE_DEBUG_INFO = NO;
				MTL_FAST_MATH = YES;
				SDKROOT = iphoneos;
				SWIFT_COMPILATION_MODE = wholemodule;
				SWIFT_OPTIMIZATION_LEVEL = "-O";
				VALIDATE_PRODUCT = YES;
			};
			name = Release;
		};
		EE0BD5F0235B678E00A4A2BA /* Debug */ = {
			isa = XCBuildConfiguration;
			baseConfigurationReference = 756B043283BCA4050460E46A /* Pods-myBeer.debug.xcconfig */;
			buildSettings = {
				ASSETCATALOG_COMPILER_APPICON_NAME = AppIcon;
				CODE_SIGN_STYLE = Automatic;
				DEVELOPMENT_TEAM = 9DJE2HCN94;
				INFOPLIST_FILE = myBeer/Info.plist;
				LD_RUNPATH_SEARCH_PATHS = (
					"$(inherited)",
					"@executable_path/Frameworks",
				);
				PRODUCT_BUNDLE_IDENTIFIER = www.grebenkin.art.myBeer;
				PRODUCT_NAME = "$(TARGET_NAME)";
				SWIFT_VERSION = 5.0;
				TARGETED_DEVICE_FAMILY = 1;
			};
			name = Debug;
		};
		EE0BD5F1235B678E00A4A2BA /* Release */ = {
			isa = XCBuildConfiguration;
			baseConfigurationReference = 38E57A9758D035B5EB1BD166 /* Pods-myBeer.release.xcconfig */;
			buildSettings = {
				ASSETCATALOG_COMPILER_APPICON_NAME = AppIcon;
				CODE_SIGN_STYLE = Automatic;
				DEVELOPMENT_TEAM = 9DJE2HCN94;
				INFOPLIST_FILE = myBeer/Info.plist;
				LD_RUNPATH_SEARCH_PATHS = (
					"$(inherited)",
					"@executable_path/Frameworks",
				);
				PRODUCT_BUNDLE_IDENTIFIER = www.grebenkin.art.myBeer;
				PRODUCT_NAME = "$(TARGET_NAME)";
				SWIFT_VERSION = 5.0;
				TARGETED_DEVICE_FAMILY = 1;
			};
			name = Release;
		};
/* End XCBuildConfiguration section */

/* Begin XCConfigurationList section */
		EE0BD5D6235B678C00A4A2BA /* Build configuration list for PBXProject "myBeer" */ = {
			isa = XCConfigurationList;
			buildConfigurations = (
				EE0BD5ED235B678E00A4A2BA /* Debug */,
				EE0BD5EE235B678E00A4A2BA /* Release */,
			);
			defaultConfigurationIsVisible = 0;
			defaultConfigurationName = Release;
		};
		EE0BD5EF235B678E00A4A2BA /* Build configuration list for PBXNativeTarget "myBeer" */ = {
			isa = XCConfigurationList;
			buildConfigurations = (
				EE0BD5F0235B678E00A4A2BA /* Debug */,
				EE0BD5F1235B678E00A4A2BA /* Release */,
			);
			defaultConfigurationIsVisible = 0;
			defaultConfigurationName = Release;
		};
/* End XCConfigurationList section */
	};
	rootObject = EE0BD5D3235B678C00A4A2BA /* Project object */;
}
